
Microsoft Visual Studio Solution File, Format Version 12.00
# Visual Studio 2012
Project("{FAE04EC0-301F-11D3-BF4B-00C04F79EFBC}") = "nCubed.GooCal", "nCubed.GooCal\nCubed.GooCal.csproj", "{54A3C36D-9D09-490D-92BF-9236B286BE7A}"
EndProject
Project("{FAE04EC0-301F-11D3-BF4B-00C04F79EFBC}") = "nCubed.GooCal.UnitTests", "nCubed.GooCal.UnitTests\nCubed.GooCal.UnitTests.csproj", "{201B4D68-B371-4A33-AA10-A18EFE6E7154}"
EndProject
Project("{2150E333-8FDC-42A3-9474-1A3956D46DE8}") = ".nuget", ".nuget", "{FA61B8C5-6C0B-49AE-A3FB-D41C92328C55}"
	ProjectSection(SolutionItems) = preProject
		.nuget\NuGet.Config = .nuget\NuGet.Config
		.nuget\NuGet.exe = .nuget\NuGet.exe
		.nuget\NuGet.targets = .nuget\NuGet.targets
	EndProjectSection
EndProject
Project("{2150E333-8FDC-42A3-9474-1A3956D46DE8}") = "_Dependencies", "_Dependencies", "{08418755-BC7E-4A4F-BB1F-A0E1F0123B3B}"
	ProjectSection(SolutionItems) = preProject
		_lib\Google.GData.AccessControl.DLL = _lib\Google.GData.AccessControl.DLL
		_lib\Google.GData.Calendar.dll = _lib\Google.GData.Calendar.dll
		_lib\Google.GData.Client.dll = _lib\Google.GData.Client.dll
		_lib\Google.GData.Extensions.dll = _lib\Google.GData.Extensions.dll
		_lib\Newtonsoft.Json.dll = _lib\Newtonsoft.Json.dll
	EndProjectSection
EndProject
Project("{FAE04EC0-301F-11D3-BF4B-00C04F79EFBC}") = "nCubed.GooCal.IntegrationTests", "nCubed.GooCal.IntegrationTests\nCubed.GooCal.IntegrationTests.csproj", "{A25FCC73-22EA-4813-81E4-877D73B7B8FC}"
EndProject
Global
	GlobalSection(SolutionConfigurationPlatforms) = preSolution
		Debug|Any CPU = Debug|Any CPU
		Release|Any CPU = Release|Any CPU
		Staging|Any CPU = Staging|Any CPU
	EndGlobalSection
	GlobalSection(ProjectConfigurationPlatforms) = postSolution
		{54A3C36D-9D09-490D-92BF-9236B286BE7A}.Debug|Any CPU.ActiveCfg = Debug|Any CPU
		{54A3C36D-9D09-490D-92BF-9236B286BE7A}.Debug|Any CPU.Build.0 = Debug|Any CPU
		{54A3C36D-9D09-490D-92BF-9236B286BE7A}.Release|Any CPU.ActiveCfg = Release|Any CPU
		{54A3C36D-9D09-490D-92BF-9236B286BE7A}.Release|Any CPU.Build.0 = Release|Any CPU
		{54A3C36D-9D09-490D-92BF-9236B286BE7A}.Staging|Any CPU.ActiveCfg = Staging|Any CPU
		{54A3C36D-9D09-490D-92BF-9236B286BE7A}.Staging|Any CPU.Build.0 = Staging|Any CPU
		{201B4D68-B371-4A33-AA10-A18EFE6E7154}.Debug|Any CPU.ActiveCfg = Debug|Any CPU
		{201B4D68-B371-4A33-AA10-A18EFE6E7154}.Debug|Any CPU.Build.0 = Debug|Any CPU
		{201B4D68-B371-4A33-AA10-A18EFE6E7154}.Release|Any CPU.ActiveCfg = Release|Any CPU
		{201B4D68-B371-4A33-AA10-A18EFE6E7154}.Release|Any CPU.Build.0 = Release|Any CPU
		{201B4D68-B371-4A33-AA10-A18EFE6E7154}.Staging|Any CPU.ActiveCfg = Release|Any CPU
		{201B4D68-B371-4A33-AA10-A18EFE6E7154}.Staging|Any CPU.Build.0 = Release|Any CPU
		{A25FCC73-22EA-4813-81E4-877D73B7B8FC}.Debug|Any CPU.ActiveCfg = Debug|Any CPU
		{A25FCC73-22EA-4813-81E4-877D73B7B8FC}.Debug|Any CPU.Build.0 = Debug|Any CPU
		{A25FCC73-22EA-4813-81E4-877D73B7B8FC}.Release|Any CPU.ActiveCfg = Release|Any CPU
		{A25FCC73-22EA-4813-81E4-877D73B7B8FC}.Release|Any CPU.Build.0 = Release|Any CPU
		{A25FCC73-22EA-4813-81E4-877D73B7B8FC}.Staging|Any CPU.ActiveCfg = Release|Any CPU
		{A25FCC73-22EA-4813-81E4-877D73B7B8FC}.Staging|Any CPU.Build.0 = Release|Any CPU
	EndGlobalSection
	GlobalSection(SolutionProperties) = preSolution
		HideSolutionNode = FALSE
	EndGlobalSection
EndGlobal
